
Microsoft Visual Studio Solution File, Format Version 12.00
# Visual Studio Version 16
VisualStudioVersion = 16.0.29911.84
MinimumVisualStudioVersion = 10.0.40219.1
Project("{9A19103F-16F7-4668-BE54-9A1E7A4F7556}") = "YoYo-Web-Ap", "YoYo-Web-Ap\YoYo-Web-Ap.csproj", "{B66ECD6B-E1ED-4987-BAB3-AE4E3512FFB4}"
EndProject
Project("{2150E333-8FDC-42A3-9474-1A3956D46DE8}") = "1.Presentation", "1.Presentation", "{7BBF009D-8663-4742-8D77-9050D8F1BDCA}"
EndProject
Project("{2150E333-8FDC-42A3-9474-1A3956D46DE8}") = "2.Services", "2.Services", "{B43180DA-95C1-47EB-A85F-7CDEB02E60B1}"
EndProject
Project("{2150E333-8FDC-42A3-9474-1A3956D46DE8}") = "3.Repository", "3.Repository", "{0A1B5A58-ECFA-4D9A-8B7C-145C8C9E0D19}"
EndProject
Project("{FAE04EC0-301F-11D3-BF4B-00C04F79EFBC}") = "FitnessRatingBeepServices", "FitnessRatingBeepServices\FitnessRatingBeepServices.csproj", "{7957E0B4-E6D7-4310-8756-1B2117E9D4E4}"
EndProject
Project("{FAE04EC0-301F-11D3-BF4B-00C04F79EFBC}") = "FitnessRatingBeepRepository", "FitnessRatingBeepRepository\FitnessRatingBeepRepository.csproj", "{E14703A9-AEA4-4E26-A020-F2BA9101E058}"
EndProject
Global
	GlobalSection(SolutionConfigurationPlatforms) = preSolution
		Debug|Any CPU = Debug|Any CPU
		Release|Any CPU = Release|Any CPU
	EndGlobalSection
	GlobalSection(ProjectConfigurationPlatforms) = postSolution
		{B66ECD6B-E1ED-4987-BAB3-AE4E3512FFB4}.Debug|Any CPU.ActiveCfg = Debug|Any CPU
		{B66ECD6B-E1ED-4987-BAB3-AE4E3512FFB4}.Debug|Any CPU.Build.0 = Debug|Any CPU
		{B66ECD6B-E1ED-4987-BAB3-AE4E3512FFB4}.Release|Any CPU.ActiveCfg = Release|Any CPU
		{B66ECD6B-E1ED-4987-BAB3-AE4E3512FFB4}.Release|Any CPU.Build.0 = Release|Any CPU
		{7957E0B4-E6D7-4310-8756-1B2117E9D4E4}.Debug|Any CPU.ActiveCfg = Debug|Any CPU
		{7957E0B4-E6D7-4310-8756-1B2117E9D4E4}.Debug|Any CPU.Build.0 = Debug|Any CPU
		{7957E0B4-E6D7-4310-8756-1B2117E9D4E4}.Release|Any CPU.ActiveCfg = Release|Any CPU
		{7957E0B4-E6D7-4310-8756-1B2117E9D4E4}.Release|Any CPU.Build.0 = Release|Any CPU
		{E14703A9-AEA4-4E26-A020-F2BA9101E058}.Debug|Any CPU.ActiveCfg = Debug|Any CPU
		{E14703A9-AEA4-4E26-A020-F2BA9101E058}.Debug|Any CPU.Build.0 = Debug|Any CPU
		{E14703A9-AEA4-4E26-A020-F2BA9101E058}.Release|Any CPU.ActiveCfg = Release|Any CPU
		{E14703A9-AEA4-4E26-A020-F2BA9101E058}.Release|Any CPU.Build.0 = Release|Any CPU
	EndGlobalSection
	GlobalSection(SolutionProperties) = preSolution
		HideSolutionNode = FALSE
	EndGlobalSection
	GlobalSection(NestedProjects) = preSolution
		{B66ECD6B-E1ED-4987-BAB3-AE4E3512FFB4} = {7BBF009D-8663-4742-8D77-9050D8F1BDCA}
		{7957E0B4-E6D7-4310-8756-1B2117E9D4E4} = {B43180DA-95C1-47EB-A85F-7CDEB02E60B1}
		{E14703A9-AEA4-4E26-A020-F2BA9101E058} = {0A1B5A58-ECFA-4D9A-8B7C-145C8C9E0D19}
	EndGlobalSection
	GlobalSection(ExtensibilityGlobals) = postSolution
		SolutionGuid = {E5060CB1-09A6-4608-AACC-6CCE70472A31}
	EndGlobalSection
EndGlobal
